// !$*UTF8*$!
{
	archiveVersion = 1;
	classes = {
	};
	objectVersion = 46;
	objects = {

/* Begin PBXBuildFile section */
		A80241BE1D0FD918001C9D75 /* main.m in Sources */ = {isa = PBXBuildFile; fileRef = A80241BD1D0FD918001C9D75 /* main.m */; };
		A80241C11D0FD918001C9D75 /* AppDelegate.m in Sources */ = {isa = PBXBuildFile; fileRef = A80241C01D0FD918001C9D75 /* AppDelegate.m */; };
		A80241C41D0FD918001C9D75 /* ViewController.m in Sources */ = {isa = PBXBuildFile; fileRef = A80241C31D0FD918001C9D75 /* ViewController.m */; };
		A80241C71D0FD918001C9D75 /* Main.storyboard in Resources */ = {isa = PBXBuildFile; fileRef = A80241C51D0FD918001C9D75 /* Main.storyboard */; };
		A80241C91D0FD918001C9D75 /* Assets.xcassets in Resources */ = {isa = PBXBuildFile; fileRef = A80241C81D0FD918001C9D75 /* Assets.xcassets */; };
		A80241CC1D0FD918001C9D75 /* LaunchScreen.storyboard in Resources */ = {isa = PBXBuildFile; fileRef = A80241CA1D0FD918001C9D75 /* LaunchScreen.storyboard */; };
		A80241D71D0FD918001C9D75 /* SXiaoCoreTextDomeUITests.m in Sources */ = {isa = PBXBuildFile; fileRef = A80241D61D0FD918001C9D75 /* SXiaoCoreTextDomeUITests.m */; };
		A80241E31D0FD9E8001C9D75 /* SXCoreTextView.m in Sources */ = {isa = PBXBuildFile; fileRef = A80241E21D0FD9E8001C9D75 /* SXCoreTextView.m */; };
		A80241E71D0FDDB8001C9D75 /* btn_login_disabled@2x.png in Resources */ = {isa = PBXBuildFile; fileRef = A80241E41D0FDDB8001C9D75 /* btn_login_disabled@2x.png */; };
		A80241E81D0FDDB8001C9D75 /* btn_login_highlighted@2x.png in Resources */ = {isa = PBXBuildFile; fileRef = A80241E51D0FDDB8001C9D75 /* btn_login_highlighted@2x.png */; };
		A80241E91D0FDDB8001C9D75 /* btn_login_nomal@2x.png in Resources */ = {isa = PBXBuildFile; fileRef = A80241E61D0FDDB8001C9D75 /* btn_login_nomal@2x.png */; };
		A88B67431D238B5300A08893 /* CustomLabel.m in Sources */ = {isa = PBXBuildFile; fileRef = A88B67421D238B5300A08893 /* CustomLabel.m */; };
/* End PBXBuildFile section */

/* Begin PBXContainerItemProxy section */
		A80241D31D0FD918001C9D75 /* PBXContainerItemProxy */ = {
			isa = PBXContainerItemProxy;
			containerPortal = A80241B11D0FD918001C9D75 /* Project object */;
			proxyType = 1;
			remoteGlobalIDString = A80241B81D0FD918001C9D75;
			remoteInfo = SXiaoCoreTextDome;
		};
/* End PBXContainerItemProxy section */

/* Begin PBXFileReference section */
		A80241B91D0FD918001C9D75 /* SXiaoCoreTextDome.app */ = {isa = PBXFileReference; explicitFileType = wrapper.application; includeInIndex = 0; path = SXiaoCoreTextDome.app; sourceTree = BUILT_PRODUCTS_DIR; };
		A80241BD1D0FD918001C9D75 /* main.m */ = {isa = PBXFileReference; lastKnownFileType = sourcecode.c.objc; path = main.m; sourceTree = "<group>"; };
		A80241BF1D0FD918001C9D75 /* AppDelegate.h */ = {isa = PBXFileReference; lastKnownFileType = sourcecode.c.h; path = AppDelegate.h; sourceTree = "<group>"; };
		A80241C01D0FD918001C9D75 /* AppDelegate.m */ = {isa = PBXFileReference; lastKnownFileType = sourcecode.c.objc; path = AppDelegate.m; sourceTree = "<group>"; };
		A80241C21D0FD918001C9D75 /* ViewController.h */ = {isa = PBXFileReference; lastKnownFileType = sourcecode.c.h; path = ViewController.h; sourceTree = "<group>"; };
		A80241C31D0FD918001C9D75 /* ViewController.m */ = {isa = PBXFileReference; lastKnownFileType = sourcecode.c.objc; path = ViewController.m; sourceTree = "<group>"; };
		A80241C61D0FD918001C9D75 /* Base */ = {isa = PBXFileReference; lastKnownFileType = file.storyboard; name = Base; path = Base.lproj/Main.storyboard; sourceTree = "<group>"; };
		A80241C81D0FD918001C9D75 /* Assets.xcassets */ = {isa = PBXFileReference; lastKnownFileType = folder.assetcatalog; path = Assets.xcassets; sourceTree = "<group>"; };
		A80241CB1D0FD918001C9D75 /* Base */ = {isa = PBXFileReference; lastKnownFileType = file.storyboard; name = Base; path = Base.lproj/LaunchScreen.storyboard; sourceTree = "<group>"; };
		A80241CD1D0FD918001C9D75 /* Info.plist */ = {isa = PBXFileReference; lastKnownFileType = text.plist.xml; path = Info.plist; sourceTree = "<group>"; };
		A80241D21D0FD918001C9D75 /* SXiaoCoreTextDomeUITests.xctest */ = {isa = PBXFileReference; explicitFileType = wrapper.cfbundle; includeInIndex = 0; path = SXiaoCoreTextDomeUITests.xctest; sourceTree = BUILT_PRODUCTS_DIR; };
		A80241D61D0FD918001C9D75 /* SXiaoCoreTextDomeUITests.m */ = {isa = PBXFileReference; lastKnownFileType = sourcecode.c.objc; path = SXiaoCoreTextDomeUITests.m; sourceTree = "<group>"; };
		A80241D81D0FD918001C9D75 /* Info.plist */ = {isa = PBXFileReference; lastKnownFileType = text.plist.xml; path = Info.plist; sourceTree = "<group>"; };
		A80241E11D0FD9E8001C9D75 /* SXCoreTextView.h */ = {isa = PBXFileReference; fileEncoding = 4; lastKnownFileType = sourcecode.c.h; path = SXCoreTextView.h; sourceTree = "<group>"; };
		A80241E21D0FD9E8001C9D75 /* SXCoreTextView.m */ = {isa = PBXFileReference; fileEncoding = 4; lastKnownFileType = sourcecode.c.objc; path = SXCoreTextView.m; sourceTree = "<group>"; };
		A80241E41D0FDDB8001C9D75 /* btn_login_disabled@2x.png */ = {isa = PBXFileReference; lastKnownFileType = image.png; name = "btn_login_disabled@2x.png"; path = "SXiaoCoreTextDome/btn_login_disabled@2x.png"; sourceTree = "<group>"; };
		A80241E51D0FDDB8001C9D75 /* btn_login_highlighted@2x.png */ = {isa = PBXFileReference; lastKnownFileType = image.png; name = "btn_login_highlighted@2x.png"; path = "SXiaoCoreTextDome/btn_login_highlighted@2x.png"; sourceTree = "<group>"; };
		A80241E61D0FDDB8001C9D75 /* btn_login_nomal@2x.png */ = {isa = PBXFileReference; lastKnownFileType = image.png; name = "btn_login_nomal@2x.png"; path = "SXiaoCoreTextDome/btn_login_nomal@2x.png"; sourceTree = "<group>"; };
		A88B67411D238B5300A08893 /* CustomLabel.h */ = {isa = PBXFileReference; fileEncoding = 4; lastKnownFileType = sourcecode.c.h; path = CustomLabel.h; sourceTree = "<group>"; };
		A88B67421D238B5300A08893 /* CustomLabel.m */ = {isa = PBXFileReference; fileEncoding = 4; lastKnownFileType = sourcecode.c.objc; path = CustomLabel.m; sourceTree = "<group>"; };
/* End PBXFileReference section */

/* Begin PBXFrameworksBuildPhase section */
		A80241B61D0FD918001C9D75 /* Frameworks */ = {
			isa = PBXFrameworksBuildPhase;
			buildActionMask = 2147483647;
			files = (
			);
			runOnlyForDeploymentPostprocessing = 0;
		};
		A80241CF1D0FD918001C9D75 /* Frameworks */ = {
			isa = PBXFrameworksBuildPhase;
			buildActionMask = 2147483647;
			files = (
			);
			runOnlyForDeploymentPostprocessing = 0;
		};
/* End PBXFrameworksBuildPhase section */

/* Begin PBXGroup section */
		A80241B01D0FD918001C9D75 = {
			isa = PBXGroup;
			children = (
				A80241E41D0FDDB8001C9D75 /* btn_login_disabled@2x.png */,
				A80241E51D0FDDB8001C9D75 /* btn_login_highlighted@2x.png */,
				A80241E61D0FDDB8001C9D75 /* btn_login_nomal@2x.png */,
				A80241BB1D0FD918001C9D75 /* SXiaoCoreTextDome */,
				A80241D51D0FD918001C9D75 /* SXiaoCoreTextDomeUITests */,
				A80241BA1D0FD918001C9D75 /* Products */,
			);
			sourceTree = "<group>";
		};
		A80241BA1D0FD918001C9D75 /* Products */ = {
			isa = PBXGroup;
			children = (
				A80241B91D0FD918001C9D75 /* SXiaoCoreTextDome.app */,
				A80241D21D0FD918001C9D75 /* SXiaoCoreTextDomeUITests.xctest */,
			);
			name = Products;
			sourceTree = "<group>";
		};
		A80241BB1D0FD918001C9D75 /* SXiaoCoreTextDome */ = {
			isa = PBXGroup;
			children = (
				A80241BF1D0FD918001C9D75 /* AppDelegate.h */,
				A80241C01D0FD918001C9D75 /* AppDelegate.m */,
				A80241C21D0FD918001C9D75 /* ViewController.h */,
				A80241C31D0FD918001C9D75 /* ViewController.m */,
				A88B67411D238B5300A08893 /* CustomLabel.h */,
				A88B67421D238B5300A08893 /* CustomLabel.m */,
				A80241E11D0FD9E8001C9D75 /* SXCoreTextView.h */,
				A80241E21D0FD9E8001C9D75 /* SXCoreTextView.m */,
				A80241C51D0FD918001C9D75 /* Main.storyboard */,
				A80241C81D0FD918001C9D75 /* Assets.xcassets */,
				A80241CA1D0FD918001C9D75 /* LaunchScreen.storyboard */,
				A80241CD1D0FD918001C9D75 /* Info.plist */,
				A80241BC1D0FD918001C9D75 /* Supporting Files */,
			);
			path = SXiaoCoreTextDome;
			sourceTree = "<group>";
		};
		A80241BC1D0FD918001C9D75 /* Supporting Files */ = {
			isa = PBXGroup;
			children = (
				A80241BD1D0FD918001C9D75 /* main.m */,
			);
			name = "Supporting Files";
			sourceTree = "<group>";
		};
		A80241D51D0FD918001C9D75 /* SXiaoCoreTextDomeUITests */ = {
			isa = PBXGroup;
			children = (
				A80241D61D0FD918001C9D75 /* SXiaoCoreTextDomeUITests.m */,
				A80241D81D0FD918001C9D75 /* Info.plist */,
			);
			path = SXiaoCoreTextDomeUITests;
			sourceTree = "<group>";
		};
/* End PBXGroup section */

/* Begin PBXNativeTarget section */
		A80241B81D0FD918001C9D75 /* SXiaoCoreTextDome */ = {
			isa = PBXNativeTarget;
			buildConfigurationList = A80241DB1D0FD918001C9D75 /* Build configuration list for PBXNativeTarget "SXiaoCoreTextDome" */;
			buildPhases = (
				A80241B51D0FD918001C9D75 /* Sources */,
				A80241B61D0FD918001C9D75 /* Frameworks */,
				A80241B71D0FD918001C9D75 /* Resources */,
			);
			buildRules = (
			);
			dependencies = (
			);
			name = SXiaoCoreTextDome;
			productName = SXiaoCoreTextDome;
			productReference = A80241B91D0FD918001C9D75 /* SXiaoCoreTextDome.app */;
			productType = "com.apple.product-type.application";
		};
		A80241D11D0FD918001C9D75 /* SXiaoCoreTextDomeUITests */ = {
			isa = PBXNativeTarget;
			buildConfigurationList = A80241DE1D0FD918001C9D75 /* Build configuration list for PBXNativeTarget "SXiaoCoreTextDomeUITests" */;
			buildPhases = (
				A80241CE1D0FD918001C9D75 /* Sources */,
				A80241CF1D0FD918001C9D75 /* Frameworks */,
				A80241D01D0FD918001C9D75 /* Resources */,
			);
			buildRules = (
			);
			dependencies = (
				A80241D41D0FD918001C9D75 /* PBXTargetDependency */,
			);
			name = SXiaoCoreTextDomeUITests;
			productName = SXiaoCoreTextDomeUITests;
			productReference = A80241D21D0FD918001C9D75 /* SXiaoCoreTextDomeUITests.xctest */;
			productType = "com.apple.product-type.bundle.ui-testing";
		};
/* End PBXNativeTarget section */

/* Begin PBXProject section */
		A80241B11D0FD918001C9D75 /* Project object */ = {
			isa = PBXProject;
			attributes = {
				LastUpgradeCheck = 0730;
				ORGANIZATIONNAME = SXiao;
				TargetAttributes = {
					A80241B81D0FD918001C9D75 = {
						CreatedOnToolsVersion = 7.3;
					};
					A80241D11D0FD918001C9D75 = {
						CreatedOnToolsVersion = 7.3;
						TestTargetID = A80241B81D0FD918001C9D75;
					};
				};
			};
			buildConfigurationList = A80241B41D0FD918001C9D75 /* Build configuration list for PBXProject "SXiaoCoreTextDome" */;
			compatibilityVersion = "Xcode 3.2";
			developmentRegion = English;
			hasScannedForEncodings = 0;
			knownRegions = (
				en,
				Base,
			);
			mainGroup = A80241B01D0FD918001C9D75;
			productRefGroup = A80241BA1D0FD918001C9D75 /* Products */;
			projectDirPath = "";
			projectRoot = "";
			targets = (
				A80241B81D0FD918001C9D75 /* SXiaoCoreTextDome */,
				A80241D11D0FD918001C9D75 /* SXiaoCoreTextDomeUITests */,
			);
		};
/* End PBXProject section */

/* Begin PBXResourcesBuildPhase section */
		A80241B71D0FD918001C9D75 /* Resources */ = {
			isa = PBXResourcesBuildPhase;
			buildActionMask = 2147483647;
			files = (
				A80241CC1D0FD918001C9D75 /* LaunchScreen.storyboard in Resources */,
				A80241E71D0FDDB8001C9D75 /* btn_login_disabled@2x.png in Resources */,
				A80241C91D0FD918001C9D75 /* Assets.xcassets in Resources */,
				A80241E81D0FDDB8001C9D75 /* btn_login_highlighted@2x.png in Resources */,
				A80241C71D0FD918001C9D75 /* Main.storyboard in Resources */,
				A80241E91D0FDDB8001C9D75 /* btn_login_nomal@2x.png in Resources */,
			);
			runOnlyForDeploymentPostprocessing = 0;
		};
		A80241D01D0FD918001C9D75 /* Resources */ = {
			isa = PBXResourcesBuildPhase;
			buildActionMask = 2147483647;
			files = (
			);
			runOnlyForDeploymentPostprocessing = 0;
		};
/* End PBXResourcesBuildPhase section */

/* Begin PBXSourcesBuildPhase section */
		A80241B51D0FD918001C9D75 /* Sources */ = {
			isa = PBXSourcesBuildPhase;
			buildActionMask = 2147483647;
			files = (
				A80241C41D0FD918001C9D75 /* ViewController.m in Sources */,
				A80241C11D0FD918001C9D75 /* AppDelegate.m in Sources */,
				A80241BE1D0FD918001C9D75 /* main.m in Sources */,
				A80241E31D0FD9E8001C9D75 /* SXCoreTextView.m in Sources */,
				A88B67431D238B5300A08893 /* CustomLabel.m in Sources */,
			);
			runOnlyForDeploymentPostprocessing = 0;
		};
		A80241CE1D0FD918001C9D75 /* Sources */ = {
			isa = PBXSourcesBuildPhase;
			buildActionMask = 2147483647;
			files = (
				A80241D71D0FD918001C9D75 /* SXiaoCoreTextDomeUITests.m in Sources */,
			);
			runOnlyForDeploymentPostprocessing = 0;
		};
/* End PBXSourcesBuildPhase section */

/* Begin PBXTargetDependency section */
		A80241D41D0FD918001C9D75 /* PBXTargetDependency */ = {
			isa = PBXTargetDependency;
			target = A80241B81D0FD918001C9D75 /* SXiaoCoreTextDome */;
			targetProxy = A80241D31D0FD918001C9D75 /* PBXContainerItemProxy */;
		};
/* End PBXTargetDependency section */

/* Begin PBXVariantGroup section */
		A80241C51D0FD918001C9D75 /* Main.storyboard */ = {
			isa = PBXVariantGroup;
			children = (
				A80241C61D0FD918001C9D75 /* Base */,
			);
			name = Main.storyboard;
			sourceTree = "<group>";
		};
		A80241CA1D0FD918001C9D75 /* LaunchScreen.storyboard */ = {
			isa = PBXVariantGroup;
			children = (
				A80241CB1D0FD918001C9D75 /* Base */,
			);
			name = LaunchScreen.storyboard;
			sourceTree = "<group>";
		};
/* End PBXVariantGroup section */

/* Begin XCBuildConfiguration section */
		A80241D91D0FD918001C9D75 /* Debug */ = {
			isa = XCBuildConfiguration;
			buildSettings = {
				ALWAYS_SEARCH_USER_PATHS = NO;
				CLANG_ANALYZER_NONNULL = YES;
				CLANG_CXX_LANGUAGE_STANDARD = "gnu++0x";
				CLANG_CXX_LIBRARY = "libc++";
				CLANG_ENABLE_MODULES = YES;
				CLANG_ENABLE_OBJC_ARC = YES;
				CLANG_WARN_BOOL_CONVERSION = YES;
				CLANG_WARN_CONSTANT_CONVERSION = YES;
				CLANG_WARN_DIRECT_OBJC_ISA_USAGE = YES_ERROR;
				CLANG_WARN_EMPTY_BODY = YES;
				CLANG_WARN_ENUM_CONVERSION = YES;
				CLANG_WARN_INT_CONVERSION = YES;
				CLANG_WARN_OBJC_ROOT_CLASS = YES_ERROR;
				CLANG_WARN_UNREACHABLE_CODE = YES;
				CLANG_WARN__DUPLICATE_METHOD_MATCH = YES;
				"CODE_SIGN_IDENTITY[sdk=iphoneos*]" = "iPhone Developer";
				COPY_PHASE_STRIP = NO;
				DEBUG_INFORMATION_FORMAT = dwarf;
				ENABLE_STRICT_OBJC_MSGSEND = YES;
				ENABLE_TESTABILITY = YES;
				GCC_C_LANGUAGE_STANDARD = gnu99;
				GCC_DYNAMIC_NO_PIC = NO;
				GCC_NO_COMMON_BLOCKS = YES;
				GCC_OPTIMIZATION_LEVEL = 0;
				GCC_PREPROCESSOR_DEFINITIONS = (
					"DEBUG=1",
					"$(inherited)",
				);
				GCC_WARN_64_TO_32_BIT_CONVERSION = YES;
				GCC_WARN_ABOUT_RETURN_TYPE = YES_ERROR;
				GCC_WARN_UNDECLARED_SELECTOR = YES;
				GCC_WARN_UNINITIALIZED_AUTOS = YES_AGGRESSIVE;
				GCC_WARN_UNUSED_FUNCTION = YES;
				GCC_WARN_UNUSED_VARIABLE = YES;
				IPHONEOS_DEPLOYMENT_TARGET = 9.3;
				MTL_ENABLE_DEBUG_INFO = YES;
				ONLY_ACTIVE_ARCH = YES;
				SDKROOT = iphoneos;
			};
			name = Debug;
		};
		A80241DA1D0FD918001C9D75 /* Release */ = {
			isa = XCBuildConfiguration;
			buildSettings = {
				ALWAYS_SEARCH_USER_PATHS = NO;
				CLANG_ANALYZER_NONNULL = YES;
				CLANG_CXX_LANGUAGE_STANDARD = "gnu++0x";
				CLANG_CXX_LIBRARY = "libc++";
				CLANG_ENABLE_MODULES = YES;
				CLANG_ENABLE_OBJC_ARC = YES;
				CLANG_WARN_BOOL_CONVERSION = YES;
				CLANG_WARN_CONSTANT_CONVERSION = YES;
				CLANG_WARN_DIRECT_OBJC_ISA_USAGE = YES_ERROR;
				CLANG_WARN_EMPTY_BODY = YES;
				CLANG_WARN_ENUM_CONVERSION = YES;
				CLANG_WARN_INT_CONVERSION = YES;
				CLANG_WARN_OBJC_ROOT_CLASS = YES_ERROR;
				CLANG_WARN_UNREACHABLE_CODE = YES;
				CLANG_WARN__DUPLICATE_METHOD_MATCH = YES;
				"CODE_SIGN_IDENTITY[sdk=iphoneos*]" = "iPhone Developer";
				COPY_PHASE_STRIP = NO;
				DEBUG_INFORMATION_FORMAT = "dwarf-with-dsym";
				ENABLE_NS_ASSERTIONS = NO;
				ENABLE_STRICT_OBJC_MSGSEND = YES;
				GCC_C_LANGUAGE_STANDARD = gnu99;
				GCC_NO_COMMON_BLOCKS = YES;
				GCC_WARN_64_TO_32_BIT_CONVERSION = YES;
				GCC_WARN_ABOUT_RETURN_TYPE = YES_ERROR;
				GCC_WARN_UNDECLARED_SELECTOR = YES;
				GCC_WARN_UNINITIALIZED_AUTOS = YES_AGGRESSIVE;
				GCC_WARN_UNUSED_FUNCTION = YES;
				GCC_WARN_UNUSED_VARIABLE = YES;
				IPHONEOS_DEPLOYMENT_TARGET = 9.3;
				MTL_ENABLE_DEBUG_INFO = NO;
				SDKROOT = iphoneos;
				VALIDATE_PRODUCT = YES;
			};
			name = Release;
		};
		A80241DC1D0FD918001C9D75 /* Debug */ = {
			isa = XCBuildConfiguration;
			buildSettings = {
				ASSETCATALOG_COMPILER_APPICON_NAME = AppIcon;
				INFOPLIST_FILE = SXiaoCoreTextDome/Info.plist;
				LD_RUNPATH_SEARCH_PATHS = "$(inherited) @executable_path/Frameworks";
				PRODUCT_BUNDLE_IDENTIFIER = com.xiaoxiao.perfect.SXiaoCoreTextDome;
				PRODUCT_NAME = "$(TARGET_NAME)";
			};
			name = Debug;
		};
		A80241DD1D0FD918001C9D75 /* Release */ = {
			isa = XCBuildConfiguration;
			buildSettings = {
				ASSETCATALOG_COMPILER_APPICON_NAME = AppIcon;
				INFOPLIST_FILE = SXiaoCoreTextDome/Info.plist;
				LD_RUNPATH_SEARCH_PATHS = "$(inherited) @executable_path/Frameworks";
				PRODUCT_BUNDLE_IDENTIFIER = com.xiaoxiao.perfect.SXiaoCoreTextDome;
				PRODUCT_NAME = "$(TARGET_NAME)";
			};
			name = Release;
		};
		A80241DF1D0FD918001C9D75 /* Debug */ = {
			isa = XCBuildConfiguration;
			buildSettings = {
				INFOPLIST_FILE = SXiaoCoreTextDomeUITests/Info.plist;
				LD_RUNPATH_SEARCH_PATHS = "$(inherited) @executable_path/Frameworks @loader_path/Frameworks";
				PRODUCT_BUNDLE_IDENTIFIER = com.xiaoxiao.perfect.SXiaoCoreTextDomeUITests;
				PRODUCT_NAME = "$(TARGET_NAME)";
				TEST_TARGET_NAME = SXiaoCoreTextDome;
			};
			name = Debug;
		};
		A80241E01D0FD918001C9D75 /* Release */ = {
			isa = XCBuildConfiguration;
			buildSettings = {
				INFOPLIST_FILE = SXiaoCoreTextDomeUITests/Info.plist;
				LD_RUNPATH_SEARCH_PATHS = "$(inherited) @executable_path/Frameworks @loader_path/Frameworks";
				PRODUCT_BUNDLE_IDENTIFIER = com.xiaoxiao.perfect.SXiaoCoreTextDomeUITests;
				PRODUCT_NAME = "$(TARGET_NAME)";
				TEST_TARGET_NAME = SXiaoCoreTextDome;
			};
			name = Release;
		};
/* End XCBuildConfiguration section */

/* Begin XCConfigurationList section */
		A80241B41D0FD918001C9D75 /* Build configuration list for PBXProject "SXiaoCoreTextDome" */ = {
			isa = XCConfigurationList;
			buildConfigurations = (
				A80241D91D0FD918001C9D75 /* Debug */,
				A80241DA1D0FD918001C9D75 /* Release */,
			);
			defaultConfigurationIsVisible = 0;
			defaultConfigurationName = Release;
		};
		A80241DB1D0FD918001C9D75 /* Build configuration list for PBXNativeTarget "SXiaoCoreTextDome" */ = {
			isa = XCConfigurationList;
			buildConfigurations = (
				A80241DC1D0FD918001C9D75 /* Debug */,
				A80241DD1D0FD918001C9D75 /* Release */,
			);
			defaultConfigurationIsVisible = 0;
			defaultConfigurationName = Release;
		};
		A80241DE1D0FD918001C9D75 /* Build configuration list for PBXNativeTarget "SXiaoCoreTextDomeUITests" */ = {
			isa = XCConfigurationList;
			buildConfigurations = (
				A80241DF1D0FD918001C9D75 /* Debug */,
				A80241E01D0FD918001C9D75 /* Release */,
			);
			defaultConfigurationIsVisible = 0;
			defaultConfigurationName = Release;
		};
/* End XCConfigurationList section */
	};
	rootObject = A80241B11D0FD918001C9D75 /* Project object */;
}
